
Microsoft Visual Studio Solution File, Format Version 12.00
# Visual Studio Version 16
VisualStudioVersion = 16.0.31829.152
MinimumVisualStudioVersion = 10.0.40219.1
Project("{FAE04EC0-301F-11D3-BF4B-00C04F79EFBC}") = "Lab03", "WindowsFormsApp1\Lab03.csproj", "{1FB3F527-6F3D-42AE-9B35-196B0A60E301}"
EndProject
Project("{FAE04EC0-301F-11D3-BF4B-00C04F79EFBC}") = "frmUocboi", "frmUocboi\frmUocboi.csproj", "{F4137781-E7F6-460B-AC61-24C89942EA8C}"
EndProject
Project("{FAE04EC0-301F-11D3-BF4B-00C04F79EFBC}") = "Security Panel", "Security Panel\Security Panel.csproj", "{18D02032-EC78-41B6-950B-DFD1DDB16049}"
EndProject
Global
	GlobalSection(SolutionConfigurationPlatforms) = preSolution
		Debug|Any CPU = Debug|Any CPU
		Release|Any CPU = Release|Any CPU
	EndGlobalSection
	GlobalSection(ProjectConfigurationPlatforms) = postSolution
		{1FB3F527-6F3D-42AE-9B35-196B0A60E301}.Debug|Any CPU.ActiveCfg = Debug|Any CPU
		{1FB3F527-6F3D-42AE-9B35-196B0A60E301}.Debug|Any CPU.Build.0 = Debug|Any CPU
		{1FB3F527-6F3D-42AE-9B35-196B0A60E301}.Release|Any CPU.ActiveCfg = Release|Any CPU
		{1FB3F527-6F3D-42AE-9B35-196B0A60E301}.Release|Any CPU.Build.0 = Release|Any CPU
		{F4137781-E7F6-460B-AC61-24C89942EA8C}.Debug|Any CPU.ActiveCfg = Debug|Any CPU
		{F4137781-E7F6-460B-AC61-24C89942EA8C}.Debug|Any CPU.Build.0 = Debug|Any CPU
		{F4137781-E7F6-460B-AC61-24C89942EA8C}.Release|Any CPU.ActiveCfg = Release|Any CPU
		{F4137781-E7F6-460B-AC61-24C89942EA8C}.Release|Any CPU.Build.0 = Release|Any CPU
		{18D02032-EC78-41B6-950B-DFD1DDB16049}.Debug|Any CPU.ActiveCfg = Debug|Any CPU
		{18D02032-EC78-41B6-950B-DFD1DDB16049}.Debug|Any CPU.Build.0 = Debug|Any CPU
		{18D02032-EC78-41B6-950B-DFD1DDB16049}.Release|Any CPU.ActiveCfg = Release|Any CPU
		{18D02032-EC78-41B6-950B-DFD1DDB16049}.Release|Any CPU.Build.0 = Release|Any CPU
	EndGlobalSection
	GlobalSection(SolutionProperties) = preSolution
		HideSolutionNode = FALSE
	EndGlobalSection
	GlobalSection(ExtensibilityGlobals) = postSolution
		SolutionGuid = {FC53FA2D-5D3D-48A4-94FF-646715F28040}
	EndGlobalSection
EndGlobal
