
Microsoft Visual Studio Solution File, Format Version 12.00
# Visual Studio Version 16
VisualStudioVersion = 16.0.31829.152
MinimumVisualStudioVersion = 10.0.40219.1
Project("{FAE04EC0-301F-11D3-BF4B-00C04F79EFBC}") = "DentalPaymentApp", "WindowsFormsApp1\DentalPaymentApp.csproj", "{4138E7BA-6EB4-45C4-A4F2-166163ACB636}"
EndProject
Project("{FAE04EC0-301F-11D3-BF4B-00C04F79EFBC}") = "ThaoTacSo", "ThaoTacSo\ThaoTacSo.csproj", "{9B412FCB-B4F9-4623-9ADF-3EFFE418198C}"
EndProject
Global
	GlobalSection(SolutionConfigurationPlatforms) = preSolution
		Debug|Any CPU = Debug|Any CPU
		Release|Any CPU = Release|Any CPU
	EndGlobalSection
	GlobalSection(ProjectConfigurationPlatforms) = postSolution
		{4138E7BA-6EB4-45C4-A4F2-166163ACB636}.Debug|Any CPU.ActiveCfg = Debug|Any CPU
		{4138E7BA-6EB4-45C4-A4F2-166163ACB636}.Debug|Any CPU.Build.0 = Debug|Any CPU
		{4138E7BA-6EB4-45C4-A4F2-166163ACB636}.Release|Any CPU.ActiveCfg = Release|Any CPU
		{4138E7BA-6EB4-45C4-A4F2-166163ACB636}.Release|Any CPU.Build.0 = Release|Any CPU
		{9B412FCB-B4F9-4623-9ADF-3EFFE418198C}.Debug|Any CPU.ActiveCfg = Debug|Any CPU
		{9B412FCB-B4F9-4623-9ADF-3EFFE418198C}.Debug|Any CPU.Build.0 = Debug|Any CPU
		{9B412FCB-B4F9-4623-9ADF-3EFFE418198C}.Release|Any CPU.ActiveCfg = Release|Any CPU
		{9B412FCB-B4F9-4623-9ADF-3EFFE418198C}.Release|Any CPU.Build.0 = Release|Any CPU
	EndGlobalSection
	GlobalSection(SolutionProperties) = preSolution
		HideSolutionNode = FALSE
	EndGlobalSection
	GlobalSection(ExtensibilityGlobals) = postSolution
		SolutionGuid = {BE171FF1-9660-4F46-9C90-1E4D5D5F4E61}
	EndGlobalSection
EndGlobal
